
Microsoft Visual Studio Solution File, Format Version 12.00
# Visual Studio Version 16
VisualStudioVersion = 16.0.31321.278
MinimumVisualStudioVersion = 10.0.40219.1
Project("{888888A0-9F3D-457C-B088-3A5042F75D52}") = "Particle-Swarm-Optimization", "Particle-Swarm-Optimization.pyproj", "{60011752-2855-4699-8341-270787C59F95}"
EndProject
Global
	GlobalSection(SolutionConfigurationPlatforms) = preSolution
		Debug|Any CPU = Debug|Any CPU
		Release|Any CPU = Release|Any CPU
	EndGlobalSection
	GlobalSection(ProjectConfigurationPlatforms) = postSolution
		{60011752-2855-4699-8341-270787C59F95}.Debug|Any CPU.ActiveCfg = Debug|Any CPU
		{60011752-2855-4699-8341-270787C59F95}.Release|Any CPU.ActiveCfg = Release|Any CPU
	EndGlobalSection
	GlobalSection(SolutionProperties) = preSolution
		HideSolutionNode = FALSE
	EndGlobalSection
	GlobalSection(ExtensibilityGlobals) = postSolution
		SolutionGuid = {B016F66A-E8F2-4D18-AE41-4AFB20429E91}
	EndGlobalSection
EndGlobal
